// !$*UTF8*$!
{
	archiveVersion = 1;
	classes = {
	};
	objectVersion = 55;
	objects = {

/* Begin PBXBuildFile section */
		918D361B2916AE5F00557BC9 /* PSHR_iOSApp.swift in Sources */ = {isa = PBXBuildFile; fileRef = 918D361A2916AE5F00557BC9 /* PSHR_iOSApp.swift */; };
		918D361D2916AE5F00557BC9 /* ContentView.swift in Sources */ = {isa = PBXBuildFile; fileRef = 918D361C2916AE5F00557BC9 /* ContentView.swift */; };
		918D361F2916AE6200557BC9 /* Assets.xcassets in Resources */ = {isa = PBXBuildFile; fileRef = 918D361E2916AE6200557BC9 /* Assets.xcassets */; };
		918D36222916AE6200557BC9 /* Preview Assets.xcassets in Resources */ = {isa = PBXBuildFile; fileRef = 918D36212916AE6200557BC9 /* Preview Assets.xcassets */; };
		918D362C2916AE6200557BC9 /* PSHR_iOSTests.swift in Sources */ = {isa = PBXBuildFile; fileRef = 918D362B2916AE6200557BC9 /* PSHR_iOSTests.swift */; };
		918D36362916AE6200557BC9 /* PSHR_iOSUITests.swift in Sources */ = {isa = PBXBuildFile; fileRef = 918D36352916AE6200557BC9 /* PSHR_iOSUITests.swift */; };
		918D36382916AE6200557BC9 /* PSHR_iOSUITestsLaunchTests.swift in Sources */ = {isa = PBXBuildFile; fileRef = 918D36372916AE6200557BC9 /* PSHR_iOSUITestsLaunchTests.swift */; };
		918D36462916AFDB00557BC9 /* PolarBleSdk in Frameworks */ = {isa = PBXBuildFile; productRef = 918D36452916AFDA00557BC9 /* PolarBleSdk */; };
		918D364A2916C35000557BC9 /* StreamSettingsView.swift in Sources */ = {isa = PBXBuildFile; fileRef = 918D36492916C35000557BC9 /* StreamSettingsView.swift */; };
		918D364C2916C36300557BC9 /* UiHelper.swift in Sources */ = {isa = PBXBuildFile; fileRef = 918D364B2916C36300557BC9 /* UiHelper.swift */; };
		918D364E2916C38A00557BC9 /* PolarBleSdkManager.swift in Sources */ = {isa = PBXBuildFile; fileRef = 918D364D2916C38A00557BC9 /* PolarBleSdkManager.swift */; };
/* End PBXBuildFile section */

/* Begin PBXContainerItemProxy section */
		918D36282916AE6200557BC9 /* PBXContainerItemProxy */ = {
			isa = PBXContainerItemProxy;
			containerPortal = 918D360F2916AE5F00557BC9 /* Project object */;
			proxyType = 1;
			remoteGlobalIDString = 918D36162916AE5F00557BC9;
			remoteInfo = PSHR_iOS;
		};
		918D36322916AE6200557BC9 /* PBXContainerItemProxy */ = {
			isa = PBXContainerItemProxy;
			containerPortal = 918D360F2916AE5F00557BC9 /* Project object */;
			proxyType = 1;
			remoteGlobalIDString = 918D36162916AE5F00557BC9;
			remoteInfo = PSHR_iOS;
		};
/* End PBXContainerItemProxy section */

/* Begin PBXFileReference section */
		918D36172916AE5F00557BC9 /* PSHR_iOS.app */ = {isa = PBXFileReference; explicitFileType = wrapper.application; includeInIndex = 0; path = PSHR_iOS.app; sourceTree = BUILT_PRODUCTS_DIR; };
		918D361A2916AE5F00557BC9 /* PSHR_iOSApp.swift */ = {isa = PBXFileReference; lastKnownFileType = sourcecode.swift; path = PSHR_iOSApp.swift; sourceTree = "<group>"; };
		918D361C2916AE5F00557BC9 /* ContentView.swift */ = {isa = PBXFileReference; lastKnownFileType = sourcecode.swift; path = ContentView.swift; sourceTree = "<group>"; };
		918D361E2916AE6200557BC9 /* Assets.xcassets */ = {isa = PBXFileReference; lastKnownFileType = folder.assetcatalog; path = Assets.xcassets; sourceTree = "<group>"; };
		918D36212916AE6200557BC9 /* Preview Assets.xcassets */ = {isa = PBXFileReference; lastKnownFileType = folder.assetcatalog; path = "Preview Assets.xcassets"; sourceTree = "<group>"; };
		918D36272916AE6200557BC9 /* PSHR_iOSTests.xctest */ = {isa = PBXFileReference; explicitFileType = wrapper.cfbundle; includeInIndex = 0; path = PSHR_iOSTests.xctest; sourceTree = BUILT_PRODUCTS_DIR; };
		918D362B2916AE6200557BC9 /* PSHR_iOSTests.swift */ = {isa = PBXFileReference; lastKnownFileType = sourcecode.swift; path = PSHR_iOSTests.swift; sourceTree = "<group>"; };
		918D36312916AE6200557BC9 /* PSHR_iOSUITests.xctest */ = {isa = PBXFileReference; explicitFileType = wrapper.cfbundle; includeInIndex = 0; path = PSHR_iOSUITests.xctest; sourceTree = BUILT_PRODUCTS_DIR; };
		918D36352916AE6200557BC9 /* PSHR_iOSUITests.swift */ = {isa = PBXFileReference; lastKnownFileType = sourcecode.swift; path = PSHR_iOSUITests.swift; sourceTree = "<group>"; };
		918D36372916AE6200557BC9 /* PSHR_iOSUITestsLaunchTests.swift */ = {isa = PBXFileReference; lastKnownFileType = sourcecode.swift; path = PSHR_iOSUITestsLaunchTests.swift; sourceTree = "<group>"; };
		918D36482916B24500557BC9 /* README.md */ = {isa = PBXFileReference; lastKnownFileType = net.daringfireball.markdown; path = README.md; sourceTree = SOURCE_ROOT; };
		918D36492916C35000557BC9 /* StreamSettingsView.swift */ = {isa = PBXFileReference; lastKnownFileType = sourcecode.swift; path = StreamSettingsView.swift; sourceTree = "<group>"; };
		918D364B2916C36300557BC9 /* UiHelper.swift */ = {isa = PBXFileReference; lastKnownFileType = sourcecode.swift; path = UiHelper.swift; sourceTree = "<group>"; };
		918D364D2916C38A00557BC9 /* PolarBleSdkManager.swift */ = {isa = PBXFileReference; lastKnownFileType = sourcecode.swift; path = PolarBleSdkManager.swift; sourceTree = "<group>"; };
/* End PBXFileReference section */

/* Begin PBXFrameworksBuildPhase section */
		918D36142916AE5F00557BC9 /* Frameworks */ = {
			isa = PBXFrameworksBuildPhase;
			buildActionMask = 2147483647;
			files = (
				918D36462916AFDB00557BC9 /* PolarBleSdk in Frameworks */,
			);
			runOnlyForDeploymentPostprocessing = 0;
		};
		918D36242916AE6200557BC9 /* Frameworks */ = {
			isa = PBXFrameworksBuildPhase;
			buildActionMask = 2147483647;
			files = (
			);
			runOnlyForDeploymentPostprocessing = 0;
		};
		918D362E2916AE6200557BC9 /* Frameworks */ = {
			isa = PBXFrameworksBuildPhase;
			buildActionMask = 2147483647;
			files = (
			);
			runOnlyForDeploymentPostprocessing = 0;
		};
/* End PBXFrameworksBuildPhase section */

/* Begin PBXGroup section */
		918D360E2916AE5F00557BC9 = {
			isa = PBXGroup;
			children = (
				918D36482916B24500557BC9 /* README.md */,
				918D36192916AE5F00557BC9 /* PSHR_iOS */,
				918D362A2916AE6200557BC9 /* PSHR_iOSTests */,
				918D36342916AE6200557BC9 /* PSHR_iOSUITests */,
				918D36182916AE5F00557BC9 /* Products */,
			);
			sourceTree = "<group>";
		};
		918D36182916AE5F00557BC9 /* Products */ = {
			isa = PBXGroup;
			children = (
				918D36172916AE5F00557BC9 /* PSHR_iOS.app */,
				918D36272916AE6200557BC9 /* PSHR_iOSTests.xctest */,
				918D36312916AE6200557BC9 /* PSHR_iOSUITests.xctest */,
			);
			name = Products;
			sourceTree = "<group>";
		};
		918D36192916AE5F00557BC9 /* PSHR_iOS */ = {
			isa = PBXGroup;
			children = (
				918D361A2916AE5F00557BC9 /* PSHR_iOSApp.swift */,
				918D36472916B15000557BC9 /* Views */,
				918D361E2916AE6200557BC9 /* Assets.xcassets */,
				918D36202916AE6200557BC9 /* Preview Content */,
				918D364D2916C38A00557BC9 /* PolarBleSdkManager.swift */,
			);
			path = PSHR_iOS;
			sourceTree = "<group>";
		};
		918D36202916AE6200557BC9 /* Preview Content */ = {
			isa = PBXGroup;
			children = (
				918D36212916AE6200557BC9 /* Preview Assets.xcassets */,
			);
			path = "Preview Content";
			sourceTree = "<group>";
		};
		918D362A2916AE6200557BC9 /* PSHR_iOSTests */ = {
			isa = PBXGroup;
			children = (
				918D362B2916AE6200557BC9 /* PSHR_iOSTests.swift */,
			);
			path = PSHR_iOSTests;
			sourceTree = "<group>";
		};
		918D36342916AE6200557BC9 /* PSHR_iOSUITests */ = {
			isa = PBXGroup;
			children = (
				918D36352916AE6200557BC9 /* PSHR_iOSUITests.swift */,
				918D36372916AE6200557BC9 /* PSHR_iOSUITestsLaunchTests.swift */,
			);
			path = PSHR_iOSUITests;
			sourceTree = "<group>";
		};
		918D36472916B15000557BC9 /* Views */ = {
			isa = PBXGroup;
			children = (
				918D361C2916AE5F00557BC9 /* ContentView.swift */,
				918D36492916C35000557BC9 /* StreamSettingsView.swift */,
				918D364B2916C36300557BC9 /* UiHelper.swift */,
			);
			path = Views;
			sourceTree = "<group>";
		};
/* End PBXGroup section */

/* Begin PBXNativeTarget section */
		918D36162916AE5F00557BC9 /* PSHR_iOS */ = {
			isa = PBXNativeTarget;
			buildConfigurationList = 918D363B2916AE6200557BC9 /* Build configuration list for PBXNativeTarget "PSHR_iOS" */;
			buildPhases = (
				918D36132916AE5F00557BC9 /* Sources */,
				918D36142916AE5F00557BC9 /* Frameworks */,
				918D36152916AE5F00557BC9 /* Resources */,
			);
			buildRules = (
			);
			dependencies = (
			);
			name = PSHR_iOS;
			packageProductDependencies = (
				918D36452916AFDA00557BC9 /* PolarBleSdk */,
			);
			productName = PSHR_iOS;
			productReference = 918D36172916AE5F00557BC9 /* PSHR_iOS.app */;
			productType = "com.apple.product-type.application";
		};
		918D36262916AE6200557BC9 /* PSHR_iOSTests */ = {
			isa = PBXNativeTarget;
			buildConfigurationList = 918D363E2916AE6200557BC9 /* Build configuration list for PBXNativeTarget "PSHR_iOSTests" */;
			buildPhases = (
				918D36232916AE6200557BC9 /* Sources */,
				918D36242916AE6200557BC9 /* Frameworks */,
				918D36252916AE6200557BC9 /* Resources */,
			);
			buildRules = (
			);
			dependencies = (
				918D36292916AE6200557BC9 /* PBXTargetDependency */,
			);
			name = PSHR_iOSTests;
			productName = PSHR_iOSTests;
			productReference = 918D36272916AE6200557BC9 /* PSHR_iOSTests.xctest */;
			productType = "com.apple.product-type.bundle.unit-test";
		};
		918D36302916AE6200557BC9 /* PSHR_iOSUITests */ = {
			isa = PBXNativeTarget;
			buildConfigurationList = 918D36412916AE6200557BC9 /* Build configuration list for PBXNativeTarget "PSHR_iOSUITests" */;
			buildPhases = (
				918D362D2916AE6200557BC9 /* Sources */,
				918D362E2916AE6200557BC9 /* Frameworks */,
				918D362F2916AE6200557BC9 /* Resources */,
			);
			buildRules = (
			);
			dependencies = (
				918D36332916AE6200557BC9 /* PBXTargetDependency */,
			);
			name = PSHR_iOSUITests;
			productName = PSHR_iOSUITests;
			productReference = 918D36312916AE6200557BC9 /* PSHR_iOSUITests.xctest */;
			productType = "com.apple.product-type.bundle.ui-testing";
		};
/* End PBXNativeTarget section */

/* Begin PBXProject section */
		918D360F2916AE5F00557BC9 /* Project object */ = {
			isa = PBXProject;
			attributes = {
				BuildIndependentTargetsInParallel = 1;
				LastSwiftUpdateCheck = 1320;
				LastUpgradeCheck = 1320;
				TargetAttributes = {
					918D36162916AE5F00557BC9 = {
						CreatedOnToolsVersion = 13.2.1;
					};
					918D36262916AE6200557BC9 = {
						CreatedOnToolsVersion = 13.2.1;
						TestTargetID = 918D36162916AE5F00557BC9;
					};
					918D36302916AE6200557BC9 = {
						CreatedOnToolsVersion = 13.2.1;
						TestTargetID = 918D36162916AE5F00557BC9;
					};
				};
			};
			buildConfigurationList = 918D36122916AE5F00557BC9 /* Build configuration list for PBXProject "PSHR_iOS" */;
			compatibilityVersion = "Xcode 13.0";
			developmentRegion = en;
			hasScannedForEncodings = 0;
			knownRegions = (
				en,
				Base,
			);
			mainGroup = 918D360E2916AE5F00557BC9;
			packageReferences = (
				918D36442916AFDA00557BC9 /* XCRemoteSwiftPackageReference "polar-ble-sdk" */,
			);
			productRefGroup = 918D36182916AE5F00557BC9 /* Products */;
			projectDirPath = "";
			projectRoot = "";
			targets = (
				918D36162916AE5F00557BC9 /* PSHR_iOS */,
				918D36262916AE6200557BC9 /* PSHR_iOSTests */,
				918D36302916AE6200557BC9 /* PSHR_iOSUITests */,
			);
		};
/* End PBXProject section */

/* Begin PBXResourcesBuildPhase section */
		918D36152916AE5F00557BC9 /* Resources */ = {
			isa = PBXResourcesBuildPhase;
			buildActionMask = 2147483647;
			files = (
				918D36222916AE6200557BC9 /* Preview Assets.xcassets in Resources */,
				918D361F2916AE6200557BC9 /* Assets.xcassets in Resources */,
			);
			runOnlyForDeploymentPostprocessing = 0;
		};
		918D36252916AE6200557BC9 /* Resources */ = {
			isa = PBXResourcesBuildPhase;
			buildActionMask = 2147483647;
			files = (
			);
			runOnlyForDeploymentPostprocessing = 0;
		};
		918D362F2916AE6200557BC9 /* Resources */ = {
			isa = PBXResourcesBuildPhase;
			buildActionMask = 2147483647;
			files = (
			);
			runOnlyForDeploymentPostprocessing = 0;
		};
/* End PBXResourcesBuildPhase section */

/* Begin PBXSourcesBuildPhase section */
		918D36132916AE5F00557BC9 /* Sources */ = {
			isa = PBXSourcesBuildPhase;
			buildActionMask = 2147483647;
			files = (
				918D364A2916C35000557BC9 /* StreamSettingsView.swift in Sources */,
				918D364E2916C38A00557BC9 /* PolarBleSdkManager.swift in Sources */,
				918D361D2916AE5F00557BC9 /* ContentView.swift in Sources */,
				918D361B2916AE5F00557BC9 /* PSHR_iOSApp.swift in Sources */,
				918D364C2916C36300557BC9 /* UiHelper.swift in Sources */,
			);
			runOnlyForDeploymentPostprocessing = 0;
		};
		918D36232916AE6200557BC9 /* Sources */ = {
			isa = PBXSourcesBuildPhase;
			buildActionMask = 2147483647;
			files = (
				918D362C2916AE6200557BC9 /* PSHR_iOSTests.swift in Sources */,
			);
			runOnlyForDeploymentPostprocessing = 0;
		};
		918D362D2916AE6200557BC9 /* Sources */ = {
			isa = PBXSourcesBuildPhase;
			buildActionMask = 2147483647;
			files = (
				918D36382916AE6200557BC9 /* PSHR_iOSUITestsLaunchTests.swift in Sources */,
				918D36362916AE6200557BC9 /* PSHR_iOSUITests.swift in Sources */,
			);
			runOnlyForDeploymentPostprocessing = 0;
		};
/* End PBXSourcesBuildPhase section */

/* Begin PBXTargetDependency section */
		918D36292916AE6200557BC9 /* PBXTargetDependency */ = {
			isa = PBXTargetDependency;
			target = 918D36162916AE5F00557BC9 /* PSHR_iOS */;
			targetProxy = 918D36282916AE6200557BC9 /* PBXContainerItemProxy */;
		};
		918D36332916AE6200557BC9 /* PBXTargetDependency */ = {
			isa = PBXTargetDependency;
			target = 918D36162916AE5F00557BC9 /* PSHR_iOS */;
			targetProxy = 918D36322916AE6200557BC9 /* PBXContainerItemProxy */;
		};
/* End PBXTargetDependency section */

/* Begin XCBuildConfiguration section */
		918D36392916AE6200557BC9 /* Debug */ = {
			isa = XCBuildConfiguration;
			buildSettings = {
				ALWAYS_SEARCH_USER_PATHS = NO;
				CLANG_ANALYZER_NONNULL = YES;
				CLANG_ANALYZER_NUMBER_OBJECT_CONVERSION = YES_AGGRESSIVE;
				CLANG_CXX_LANGUAGE_STANDARD = "gnu++17";
				CLANG_CXX_LIBRARY = "libc++";
				CLANG_ENABLE_MODULES = YES;
				CLANG_ENABLE_OBJC_ARC = YES;
				CLANG_ENABLE_OBJC_WEAK = YES;
				CLANG_WARN_BLOCK_CAPTURE_AUTORELEASING = YES;
				CLANG_WARN_BOOL_CONVERSION = YES;
				CLANG_WARN_COMMA = YES;
				CLANG_WARN_CONSTANT_CONVERSION = YES;
				CLANG_WARN_DEPRECATED_OBJC_IMPLEMENTATIONS = YES;
				CLANG_WARN_DIRECT_OBJC_ISA_USAGE = YES_ERROR;
				CLANG_WARN_DOCUMENTATION_COMMENTS = YES;
				CLANG_WARN_EMPTY_BODY = YES;
				CLANG_WARN_ENUM_CONVERSION = YES;
				CLANG_WARN_INFINITE_RECURSION = YES;
				CLANG_WARN_INT_CONVERSION = YES;
				CLANG_WARN_NON_LITERAL_NULL_CONVERSION = YES;
				CLANG_WARN_OBJC_IMPLICIT_RETAIN_SELF = YES;
				CLANG_WARN_OBJC_LITERAL_CONVERSION = YES;
				CLANG_WARN_OBJC_ROOT_CLASS = YES_ERROR;
				CLANG_WARN_QUOTED_INCLUDE_IN_FRAMEWORK_HEADER = YES;
				CLANG_WARN_RANGE_LOOP_ANALYSIS = YES;
				CLANG_WARN_STRICT_PROTOTYPES = YES;
				CLANG_WARN_SUSPICIOUS_MOVE = YES;
				CLANG_WARN_UNGUARDED_AVAILABILITY = YES_AGGRESSIVE;
				CLANG_WARN_UNREACHABLE_CODE = YES;
				CLANG_WARN__DUPLICATE_METHOD_MATCH = YES;
				COPY_PHASE_STRIP = NO;
				DEBUG_INFORMATION_FORMAT = dwarf;
				ENABLE_STRICT_OBJC_MSGSEND = YES;
				ENABLE_TESTABILITY = YES;
				GCC_C_LANGUAGE_STANDARD = gnu11;
				GCC_DYNAMIC_NO_PIC = NO;
				GCC_NO_COMMON_BLOCKS = YES;
				GCC_OPTIMIZATION_LEVEL = 0;
				GCC_PREPROCESSOR_DEFINITIONS = (
					"DEBUG=1",
					"$(inherited)",
				);
				GCC_WARN_64_TO_32_BIT_CONVERSION = YES;
				GCC_WARN_ABOUT_RETURN_TYPE = YES_ERROR;
				GCC_WARN_UNDECLARED_SELECTOR = YES;
				GCC_WARN_UNINITIALIZED_AUTOS = YES_AGGRESSIVE;
				GCC_WARN_UNUSED_FUNCTION = YES;
				GCC_WARN_UNUSED_VARIABLE = YES;
				IPHONEOS_DEPLOYMENT_TARGET = 15.2;
				MTL_ENABLE_DEBUG_INFO = INCLUDE_SOURCE;
				MTL_FAST_MATH = YES;
				ONLY_ACTIVE_ARCH = YES;
				SDKROOT = iphoneos;
				SWIFT_ACTIVE_COMPILATION_CONDITIONS = DEBUG;
				SWIFT_OPTIMIZATION_LEVEL = "-Onone";
			};
			name = Debug;
		};
		918D363A2916AE6200557BC9 /* Release */ = {
			isa = XCBuildConfiguration;
			buildSettings = {
				ALWAYS_SEARCH_USER_PATHS = NO;
				CLANG_ANALYZER_NONNULL = YES;
				CLANG_ANALYZER_NUMBER_OBJECT_CONVERSION = YES_AGGRESSIVE;
				CLANG_CXX_LANGUAGE_STANDARD = "gnu++17";
				CLANG_CXX_LIBRARY = "libc++";
				CLANG_ENABLE_MODULES = YES;
				CLANG_ENABLE_OBJC_ARC = YES;
				CLANG_ENABLE_OBJC_WEAK = YES;
				CLANG_WARN_BLOCK_CAPTURE_AUTORELEASING = YES;
				CLANG_WARN_BOOL_CONVERSION = YES;
				CLANG_WARN_COMMA = YES;
				CLANG_WARN_CONSTANT_CONVERSION = YES;
				CLANG_WARN_DEPRECATED_OBJC_IMPLEMENTATIONS = YES;
				CLANG_WARN_DIRECT_OBJC_ISA_USAGE = YES_ERROR;
				CLANG_WARN_DOCUMENTATION_COMMENTS = YES;
				CLANG_WARN_EMPTY_BODY = YES;
				CLANG_WARN_ENUM_CONVERSION = YES;
				CLANG_WARN_INFINITE_RECURSION = YES;
				CLANG_WARN_INT_CONVERSION = YES;
				CLANG_WARN_NON_LITERAL_NULL_CONVERSION = YES;
				CLANG_WARN_OBJC_IMPLICIT_RETAIN_SELF = YES;
				CLANG_WARN_OBJC_LITERAL_CONVERSION = YES;
				CLANG_WARN_OBJC_ROOT_CLASS = YES_ERROR;
				CLANG_WARN_QUOTED_INCLUDE_IN_FRAMEWORK_HEADER = YES;
				CLANG_WARN_RANGE_LOOP_ANALYSIS = YES;
				CLANG_WARN_STRICT_PROTOTYPES = YES;
				CLANG_WARN_SUSPICIOUS_MOVE = YES;
				CLANG_WARN_UNGUARDED_AVAILABILITY = YES_AGGRESSIVE;
				CLANG_WARN_UNREACHABLE_CODE = YES;
				CLANG_WARN__DUPLICATE_METHOD_MATCH = YES;
				COPY_PHASE_STRIP = NO;
				DEBUG_INFORMATION_FORMAT = "dwarf-with-dsym";
				ENABLE_NS_ASSERTIONS = NO;
				ENABLE_STRICT_OBJC_MSGSEND = YES;
				GCC_C_LANGUAGE_STANDARD = gnu11;
				GCC_NO_COMMON_BLOCKS = YES;
				GCC_WARN_64_TO_32_BIT_CONVERSION = YES;
				GCC_WARN_ABOUT_RETURN_TYPE = YES_ERROR;
				GCC_WARN_UNDECLARED_SELECTOR = YES;
				GCC_WARN_UNINITIALIZED_AUTOS = YES_AGGRESSIVE;
				GCC_WARN_UNUSED_FUNCTION = YES;
				GCC_WARN_UNUSED_VARIABLE = YES;
				IPHONEOS_DEPLOYMENT_TARGET = 15.2;
				MTL_ENABLE_DEBUG_INFO = NO;
				MTL_FAST_MATH = YES;
				SDKROOT = iphoneos;
				SWIFT_COMPILATION_MODE = wholemodule;
				SWIFT_OPTIMIZATION_LEVEL = "-O";
				VALIDATE_PRODUCT = YES;
			};
			name = Release;
		};
		918D363C2916AE6200557BC9 /* Debug */ = {
			isa = XCBuildConfiguration;
			buildSettings = {
				ASSETCATALOG_COMPILER_APPICON_NAME = AppIcon;
				ASSETCATALOG_COMPILER_GLOBAL_ACCENT_COLOR_NAME = AccentColor;
				CODE_SIGN_STYLE = Automatic;
				CURRENT_PROJECT_VERSION = 1;
				DEVELOPMENT_ASSET_PATHS = "\"PSHR_iOS/Preview Content\"";
				DEVELOPMENT_TEAM = 7T9789YLBV;
				ENABLE_PREVIEWS = YES;
				GENERATE_INFOPLIST_FILE = YES;
				INFOPLIST_KEY_UIApplicationSceneManifest_Generation = YES;
				INFOPLIST_KEY_UIApplicationSupportsIndirectInputEvents = YES;
				INFOPLIST_KEY_UILaunchScreen_Generation = YES;
				INFOPLIST_KEY_UISupportedInterfaceOrientations_iPad = "UIInterfaceOrientationPortrait UIInterfaceOrientationPortraitUpsideDown UIInterfaceOrientationLandscapeLeft UIInterfaceOrientationLandscapeRight";
				INFOPLIST_KEY_UISupportedInterfaceOrientations_iPhone = "UIInterfaceOrientationPortrait UIInterfaceOrientationLandscapeLeft UIInterfaceOrientationLandscapeRight";
				LD_RUNPATH_SEARCH_PATHS = (
					"$(inherited)",
					"@executable_path/Frameworks",
				);
				MARKETING_VERSION = 1.0;
				PRODUCT_BUNDLE_IDENTIFIER = "CogNeuro.PSHR-iOS";
				PRODUCT_NAME = "$(TARGET_NAME)";
				SWIFT_EMIT_LOC_STRINGS = YES;
				SWIFT_VERSION = 5.0;
				TARGETED_DEVICE_FAMILY = "1,2";
			};
			name = Debug;
		};
		918D363D2916AE6200557BC9 /* Release */ = {
			isa = XCBuildConfiguration;
			buildSettings = {
				ASSETCATALOG_COMPILER_APPICON_NAME = AppIcon;
				ASSETCATALOG_COMPILER_GLOBAL_ACCENT_COLOR_NAME = AccentColor;
				CODE_SIGN_STYLE = Automatic;
				CURRENT_PROJECT_VERSION = 1;
				DEVELOPMENT_ASSET_PATHS = "\"PSHR_iOS/Preview Content\"";
				DEVELOPMENT_TEAM = 7T9789YLBV;
				ENABLE_PREVIEWS = YES;
				GENERATE_INFOPLIST_FILE = YES;
				INFOPLIST_KEY_UIApplicationSceneManifest_Generation = YES;
				INFOPLIST_KEY_UIApplicationSupportsIndirectInputEvents = YES;
				INFOPLIST_KEY_UILaunchScreen_Generation = YES;
				INFOPLIST_KEY_UISupportedInterfaceOrientations_iPad = "UIInterfaceOrientationPortrait UIInterfaceOrientationPortraitUpsideDown UIInterfaceOrientationLandscapeLeft UIInterfaceOrientationLandscapeRight";
				INFOPLIST_KEY_UISupportedInterfaceOrientations_iPhone = "UIInterfaceOrientationPortrait UIInterfaceOrientationLandscapeLeft UIInterfaceOrientationLandscapeRight";
				LD_RUNPATH_SEARCH_PATHS = (
					"$(inherited)",
					"@executable_path/Frameworks",
				);
				MARKETING_VERSION = 1.0;
				PRODUCT_BUNDLE_IDENTIFIER = "CogNeuro.PSHR-iOS";
				PRODUCT_NAME = "$(TARGET_NAME)";
				SWIFT_EMIT_LOC_STRINGS = YES;
				SWIFT_VERSION = 5.0;
				TARGETED_DEVICE_FAMILY = "1,2";
			};
			name = Release;
		};
		918D363F2916AE6200557BC9 /* Debug */ = {
			isa = XCBuildConfiguration;
			buildSettings = {
				ALWAYS_EMBED_SWIFT_STANDARD_LIBRARIES = YES;
				BUNDLE_LOADER = "$(TEST_HOST)";
				CODE_SIGN_STYLE = Automatic;
				CURRENT_PROJECT_VERSION = 1;
				DEVELOPMENT_TEAM = 7T9789YLBV;
				GENERATE_INFOPLIST_FILE = YES;
				IPHONEOS_DEPLOYMENT_TARGET = 15.2;
				MARKETING_VERSION = 1.0;
				PRODUCT_BUNDLE_IDENTIFIER = "CogNeuro.PSHR-iOSTests";
				PRODUCT_NAME = "$(TARGET_NAME)";
				SWIFT_EMIT_LOC_STRINGS = NO;
				SWIFT_VERSION = 5.0;
				TARGETED_DEVICE_FAMILY = "1,2";
				TEST_HOST = "$(BUILT_PRODUCTS_DIR)/PSHR_iOS.app/PSHR_iOS";
			};
			name = Debug;
		};
		918D36402916AE6200557BC9 /* Release */ = {
			isa = XCBuildConfiguration;
			buildSettings = {
				ALWAYS_EMBED_SWIFT_STANDARD_LIBRARIES = YES;
				BUNDLE_LOADER = "$(TEST_HOST)";
				CODE_SIGN_STYLE = Automatic;
				CURRENT_PROJECT_VERSION = 1;
				DEVELOPMENT_TEAM = 7T9789YLBV;
				GENERATE_INFOPLIST_FILE = YES;
				IPHONEOS_DEPLOYMENT_TARGET = 15.2;
				MARKETING_VERSION = 1.0;
				PRODUCT_BUNDLE_IDENTIFIER = "CogNeuro.PSHR-iOSTests";
				PRODUCT_NAME = "$(TARGET_NAME)";
				SWIFT_EMIT_LOC_STRINGS = NO;
				SWIFT_VERSION = 5.0;
				TARGETED_DEVICE_FAMILY = "1,2";
				TEST_HOST = "$(BUILT_PRODUCTS_DIR)/PSHR_iOS.app/PSHR_iOS";
			};
			name = Release;
		};
		918D36422916AE6200557BC9 /* Debug */ = {
			isa = XCBuildConfiguration;
			buildSettings = {
				ALWAYS_EMBED_SWIFT_STANDARD_LIBRARIES = YES;
				CODE_SIGN_STYLE = Automatic;
				CURRENT_PROJECT_VERSION = 1;
				DEVELOPMENT_TEAM = 7T9789YLBV;
				GENERATE_INFOPLIST_FILE = YES;
				MARKETING_VERSION = 1.0;
				PRODUCT_BUNDLE_IDENTIFIER = "CogNeuro.PSHR-iOSUITests";
				PRODUCT_NAME = "$(TARGET_NAME)";
				SWIFT_EMIT_LOC_STRINGS = NO;
				SWIFT_VERSION = 5.0;
				TARGETED_DEVICE_FAMILY = "1,2";
				TEST_TARGET_NAME = PSHR_iOS;
			};
			name = Debug;
		};
		918D36432916AE6200557BC9 /* Release */ = {
			isa = XCBuildConfiguration;
			buildSettings = {
				ALWAYS_EMBED_SWIFT_STANDARD_LIBRARIES = YES;
				CODE_SIGN_STYLE = Automatic;
				CURRENT_PROJECT_VERSION = 1;
				DEVELOPMENT_TEAM = 7T9789YLBV;
				GENERATE_INFOPLIST_FILE = YES;
				MARKETING_VERSION = 1.0;
				PRODUCT_BUNDLE_IDENTIFIER = "CogNeuro.PSHR-iOSUITests";
				PRODUCT_NAME = "$(TARGET_NAME)";
				SWIFT_EMIT_LOC_STRINGS = NO;
				SWIFT_VERSION = 5.0;
				TARGETED_DEVICE_FAMILY = "1,2";
				TEST_TARGET_NAME = PSHR_iOS;
			};
			name = Release;
		};
/* End XCBuildConfiguration section */

/* Begin XCConfigurationList section */
		918D36122916AE5F00557BC9 /* Build configuration list for PBXProject "PSHR_iOS" */ = {
			isa = XCConfigurationList;
			buildConfigurations = (
				918D36392916AE6200557BC9 /* Debug */,
				918D363A2916AE6200557BC9 /* Release */,
			);
			defaultConfigurationIsVisible = 0;
			defaultConfigurationName = Release;
		};
		918D363B2916AE6200557BC9 /* Build configuration list for PBXNativeTarget "PSHR_iOS" */ = {
			isa = XCConfigurationList;
			buildConfigurations = (
				918D363C2916AE6200557BC9 /* Debug */,
				918D363D2916AE6200557BC9 /* Release */,
			);
			defaultConfigurationIsVisible = 0;
			defaultConfigurationName = Release;
		};
		918D363E2916AE6200557BC9 /* Build configuration list for PBXNativeTarget "PSHR_iOSTests" */ = {
			isa = XCConfigurationList;
			buildConfigurations = (
				918D363F2916AE6200557BC9 /* Debug */,
				918D36402916AE6200557BC9 /* Release */,
			);
			defaultConfigurationIsVisible = 0;
			defaultConfigurationName = Release;
		};
		918D36412916AE6200557BC9 /* Build configuration list for PBXNativeTarget "PSHR_iOSUITests" */ = {
			isa = XCConfigurationList;
			buildConfigurations = (
				918D36422916AE6200557BC9 /* Debug */,
				918D36432916AE6200557BC9 /* Release */,
			);
			defaultConfigurationIsVisible = 0;
			defaultConfigurationName = Release;
		};
/* End XCConfigurationList section */

/* Begin XCRemoteSwiftPackageReference section */
		918D36442916AFDA00557BC9 /* XCRemoteSwiftPackageReference "polar-ble-sdk" */ = {
			isa = XCRemoteSwiftPackageReference;
			repositoryURL = "https://github.com/polarofficial/polar-ble-sdk.git";
			requirement = {
				kind = upToNextMajorVersion;
				minimumVersion = 3.0.0;
			};
		};
/* End XCRemoteSwiftPackageReference section */

/* Begin XCSwiftPackageProductDependency section */
		918D36452916AFDA00557BC9 /* PolarBleSdk */ = {
			isa = XCSwiftPackageProductDependency;
			package = 918D36442916AFDA00557BC9 /* XCRemoteSwiftPackageReference "polar-ble-sdk" */;
			productName = PolarBleSdk;
		};
/* End XCSwiftPackageProductDependency section */
	};
	rootObject = 918D360F2916AE5F00557BC9 /* Project object */;
}
